dependencies:
- condition: ""
  enabled: false
  name: influxdb
  repository: https://kubernetes-charts.storage.googleapis.com/
  tags: null
  version: 0.1.0
- condition: ""
  enabled: false
  name: mysql
  repository: https://kubernetes-charts.storage.googleapis.com/
  tags: null
  version: 0.2.3
digest: sha256:4898090841124df5441ce1caa1e698b283d939bb599bdf66eb202ad3fa9a7abd
generated: 2017-02-15T13:44:50.888136961-07:00
