dependencies:
- condition: ""
  enabled: false
  name: influxdb
  repository: https://kubernetes-charts.storage.googleapis.com/
  tags: null
  version: 0.2.1
- condition: ""
  enabled: false
  name: mysql
  repository: https://kubernetes-charts.storage.googleapis.com/
  tags: null
  version: 0.2.4
digest: sha256:94ae749cda24eecd97c82662b089cc4795162abbc8701698c59096b891b49bcc
generated: 2017-03-06T14:48:49.13779058-07:00
