dependencies:
- condition: ""
  enabled: false
  import-values: null
  name: influxdb
  repository: https://kubernetes-charts.storage.googleapis.com/
  tags: null
  version: 0.2.1
- condition: ""
  enabled: false
  import-values: null
  name: mysql
  repository: https://kubernetes-charts.storage.googleapis.com/
  tags: null
  version: 0.2.4
- condition: ""
  enabled: false
  import-values: null
  name: kafka
  repository: http://monasca.io/monasca-helm/
  tags: null
  version: 0.2.0
- condition: ""
  enabled: false
  import-values: null
  name: storm
  repository: http://monasca.io/monasca-helm/
  tags: null
  version: 0.5.0
digest: sha256:a5dc391e15575a8abf03949d3d24b6ff17d5de861abe8188d286296f9165d2ef
generated: 2017-05-22T14:12:07.669905799-06:00
