dependencies:
- name: influxdb
  repository: https://kubernetes-charts.storage.googleapis.com/
  version: 0.4.3
- name: mysql
  repository: https://kubernetes-charts.storage.googleapis.com/
  version: 0.2.4
- name: kafka
  repository: http://monasca.io/monasca-helm/
  version: 0.3.13
- name: storm
  repository: http://monasca.io/monasca-helm/
  version: 0.5.3
- name: zookeeper
  repository: http://monasca.io/monasca-helm/
  version: 0.3.4
digest: sha256:2d2fef85e247e6c45c7a45535aab344f1747bc0d0ee46b60d1676478753eb4cf
generated: 2017-12-02T18:02:53.064302913-07:00
