dependencies:
- condition: ""
  enabled: false
  name: influxdb
  repository: https://kubernetes-charts.storage.googleapis.com/
  tags: null
  version: 0.2.1
- condition: ""
  enabled: false
  name: mysql
  repository: https://kubernetes-charts.storage.googleapis.com/
  tags: null
  version: 0.2.4
- condition: ""
  enabled: false
  name: kafka
  repository: http://monasca.io/monasca-helm-repo/
  tags: null
  version: 0.1.0
- condition: ""
  enabled: false
  name: storm
  repository: file:///home/tim/projects/monasca-helm/storm/
  tags: null
  version: 0.1.0
digest: sha256:f1b7c2cf9c7b6c9a2238cc2da903ec6e09617af11950595b0d7aa55025cc155f
generated: 2017-04-12T15:18:32.506737714-06:00
