dependencies:
- alias: ""
  condition: ""
  enabled: false
  import-values: null
  name: zookeeper
  repository: http://monasca.io/monasca-helm/
  tags: null
  version: 0.2.1
digest: sha256:47f4f369f3c74a5a1585f3fa53ba587df6da6bc0e7d87a06cce64e8accca5137
generated: 2017-07-20T11:59:08.349742288+02:00
